{
  "name": "@cliao/yargs-parser",
  "version": "1.0.0",
  "lockfileVersion": 1,
  "requires": true,
  "dependencies": {
    "yargs-parser": {
      "version": "19.0.4",
      "resolved": "https://registry.npmjs.org/yargs-parser/-/yargs-parser-19.0.4.tgz",
      "integrity": "sha512-eXeQm7yXRjPFFyf1voPkZgXQZJjYfjgQUmGPbD2TLtZeIYzvacgWX7sQ5a1HsRgVP+pfKAkRZDNtTGev4h9vhw==",
      "dev": true
    }
  }
}
