{
  "name": "@cliao/yargs-parser",
  "version": "1.0.0",
  "lockfileVersion": 1,
  "requires": true,
  "dependencies": {
    "camelcase": {
      "version": "5.3.1",
      "resolved": "https://registry.npmjs.org/camelcase/-/camelcase-5.3.1.tgz",
      "integrity": "sha512-L28STB170nwWS63UjtlEOE3dldQApaJXZkOI1uMFfzf3rRuPegHaHesyee+YxQ+W6SvRDQV6UrdOdRiR153wJg==",
      "dev": true
    },
    "decamelize": {
      "version": "1.2.0",
      "resolved": "https://registry.npmjs.org/decamelize/-/decamelize-1.2.0.tgz",
      "integrity": "sha1-9lNNFRSCabIDUue+4m9QH5oZEpA=",
      "dev": true
    },
    "yargs-parser": {
      "version": "18.1.0",
      "resolved": "https://registry.npmjs.org/yargs-parser/-/yargs-parser-18.1.0.tgz",
      "integrity": "sha512-o/Jr6JBOv6Yx3pL+5naWSoIA2jJ+ZkMYQG/ie9qFbukBe4uzmBatlXFOiu/tNKRWEtyf+n5w7jc/O16ufqOTdQ==",
      "dev": true,
      "requires": {
        "camelcase": "^5.0.0",
        "decamelize": "^1.2.0"
      }
    }
  }
}
